
Microsoft Visual Studio Solution File, Format Version 12.00
# Visual Studio Version 17
VisualStudioVersion = 17.1.32421.90
MinimumVisualStudioVersion = 10.0.40219.1
Project("{FAE04EC0-301F-11D3-BF4B-00C04F79EFBC}") = "MapGen", "MapGen\MapGen.csproj", "{B2B8A2E1-6906-4A6D-A0CA-735977F1F2EE}"
EndProject
Global
	GlobalSection(SolutionConfigurationPlatforms) = preSolution
		Debug|Any CPU = Debug|Any CPU
		Release|Any CPU = Release|Any CPU
	EndGlobalSection
	GlobalSection(ProjectConfigurationPlatforms) = postSolution
		{B2B8A2E1-6906-4A6D-A0CA-735977F1F2EE}.Debug|Any CPU.ActiveCfg = Debug|Any CPU
		{B2B8A2E1-6906-4A6D-A0CA-735977F1F2EE}.Debug|Any CPU.Build.0 = Debug|Any CPU
		{B2B8A2E1-6906-4A6D-A0CA-735977F1F2EE}.Release|Any CPU.ActiveCfg = Release|Any CPU
		{B2B8A2E1-6906-4A6D-A0CA-735977F1F2EE}.Release|Any CPU.Build.0 = Release|Any CPU
	EndGlobalSection
	GlobalSection(SolutionProperties) = preSolution
		HideSolutionNode = FALSE
	EndGlobalSection
	GlobalSection(ExtensibilityGlobals) = postSolution
		SolutionGuid = {A51CFDCB-BACA-4610-B5C9-6741B363CB5F}
	EndGlobalSection
EndGlobal
